
Microsoft Visual Studio Solution File, Format Version 12.00
# Visual Studio Version 16
VisualStudioVersion = 16.0.29728.190
MinimumVisualStudioVersion = 10.0.40219.1
Project("{FAE04EC0-301F-11D3-BF4B-00C04F79EFBC}") = "ClassUpdateLog", "ClassUpdateLog\ClassUpdateLog.csproj", "{B37B74CA-8788-4998-A93E-E785DCABF507}"
EndProject
Global
	GlobalSection(SolutionConfigurationPlatforms) = preSolution
		Debug|Any CPU = Debug|Any CPU
		Release|Any CPU = Release|Any CPU
	EndGlobalSection
	GlobalSection(ProjectConfigurationPlatforms) = postSolution
		{B37B74CA-8788-4998-A93E-E785DCABF507}.Debug|Any CPU.ActiveCfg = Debug|Any CPU
		{B37B74CA-8788-4998-A93E-E785DCABF507}.Debug|Any CPU.Build.0 = Debug|Any CPU
		{B37B74CA-8788-4998-A93E-E785DCABF507}.Release|Any CPU.ActiveCfg = Release|Any CPU
		{B37B74CA-8788-4998-A93E-E785DCABF507}.Release|Any CPU.Build.0 = Release|Any CPU
	EndGlobalSection
	GlobalSection(SolutionProperties) = preSolution
		HideSolutionNode = FALSE
	EndGlobalSection
	GlobalSection(ExtensibilityGlobals) = postSolution
		SolutionGuid = {D42EA72E-A4B3-4FB5-9B91-CCF178F5628D}
	EndGlobalSection
EndGlobal
